
Microsoft Visual Studio Solution File, Format Version 12.00
# Visual Studio 15
VisualStudioVersion = 15.0.27130.0
MinimumVisualStudioVersion = 10.0.40219.1
Project("{FAE04EC0-301F-11D3-BF4B-00C04F79EFBC}") = "FlexibleMVC.Web", "FlexibleMVC\FlexibleMVC.Web.csproj", "{6746820D-DA76-494D-A582-D3FA9F0175B6}"
EndProject
Project("{FAE04EC0-301F-11D3-BF4B-00C04F79EFBC}") = "FlexibleMVC.Web.Frond", "FlexibleMVC\FlexibleMVC.Web.Frond\FlexibleMVC.Web.Frond.csproj", "{787994C7-4CB4-4958-95B0-2CE0742A465A}"
EndProject
Project("{FAE04EC0-301F-11D3-BF4B-00C04F79EFBC}") = "FlexibleMVC.Web.Admin", "FlexibleMVC\FlexibleMVC.Web.Admin\FlexibleMVC.Web.Admin.csproj", "{FBDA3B8A-A6DC-41AB-984D-79F4DFFAF355}"
EndProject
Project("{2150E333-8FDC-42A3-9474-1A3956D46DE8}") = "Module", "Module", "{A95D272F-E327-4C70-83F9-BBB8B6B989EF}"
EndProject
Project("{2150E333-8FDC-42A3-9474-1A3956D46DE8}") = "Base", "Base", "{A8051F91-E228-4D19-810A-6BAD6984808A}"
EndProject
Project("{2150E333-8FDC-42A3-9474-1A3956D46DE8}") = "Infrastructure", "Infrastructure", "{9B0B1D30-F723-4657-A00B-D23A7FEBDA71}"
EndProject
Project("{FAE04EC0-301F-11D3-BF4B-00C04F79EFBC}") = "FluentData", "Base\FluentData\FluentData.csproj", "{B5AE821B-7728-49B3-9119-3BBC4C8E58E9}"
EndProject
Project("{FAE04EC0-301F-11D3-BF4B-00C04F79EFBC}") = "FlexibleMVC.Base", "Base\FlexibleMVC.Base\FlexibleMVC.Base.csproj", "{4DD4AC57-FBC1-4625-9F9A-5B212612CCBB}"
EndProject
Project("{FAE04EC0-301F-11D3-BF4B-00C04F79EFBC}") = "FlexibleMVC.BLL", "Infrastructure\FlexibleMVC.BLL\FlexibleMVC.BLL.csproj", "{4487665E-151C-490E-ABC3-189A2BFCE21D}"
EndProject
Project("{FAE04EC0-301F-11D3-BF4B-00C04F79EFBC}") = "FlexibleMVC.DAL", "Infrastructure\FlexibleMVC.DAL\FlexibleMVC.DAL.csproj", "{89FF48FC-FC2B-4E66-B8BA-5581F2838E88}"
EndProject
Project("{FAE04EC0-301F-11D3-BF4B-00C04F79EFBC}") = "FlexibleMVC.IServer", "Infrastructure\FlexibleMVC.IServer\FlexibleMVC.IServer.csproj", "{5C5CE947-792C-4E99-A401-7128F73FB99A}"
EndProject
Project("{FAE04EC0-301F-11D3-BF4B-00C04F79EFBC}") = "FlexibleMVC.LessBase", "Infrastructure\FlexibleMVC.LessBase\FlexibleMVC.LessBase.csproj", "{44CDB313-984B-4824-BA2D-18481E39865F}"
EndProject
Project("{FAE04EC0-301F-11D3-BF4B-00C04F79EFBC}") = "FlexibleMVC.Model", "Infrastructure\FlexibleMVC.Model\FlexibleMVC.Model.csproj", "{17481044-4D06-48AA-997F-FB0CCCB8786A}"
EndProject
Project("{FAE04EC0-301F-11D3-BF4B-00C04F79EFBC}") = "FlexibleMVC.Web.Bjdc", "FlexibleMVC\FlexibleMVC.Web.Bjdc\FlexibleMVC.Web.Bjdc.csproj", "{177E3124-BA6D-427B-BA76-B1D05EF2D295}"
EndProject
Global
	GlobalSection(SolutionConfigurationPlatforms) = preSolution
		Debug|Any CPU = Debug|Any CPU
		Debug|x64 = Debug|x64
		Release|Any CPU = Release|Any CPU
		Release|x64 = Release|x64
		Test|Any CPU = Test|Any CPU
		Test|x64 = Test|x64
	EndGlobalSection
	GlobalSection(ProjectConfigurationPlatforms) = postSolution
		{6746820D-DA76-494D-A582-D3FA9F0175B6}.Debug|Any CPU.ActiveCfg = Debug|Any CPU
		{6746820D-DA76-494D-A582-D3FA9F0175B6}.Debug|Any CPU.Build.0 = Debug|Any CPU
		{6746820D-DA76-494D-A582-D3FA9F0175B6}.Debug|x64.ActiveCfg = Debug|Any CPU
		{6746820D-DA76-494D-A582-D3FA9F0175B6}.Debug|x64.Build.0 = Debug|Any CPU
		{6746820D-DA76-494D-A582-D3FA9F0175B6}.Release|Any CPU.ActiveCfg = Release|Any CPU
		{6746820D-DA76-494D-A582-D3FA9F0175B6}.Release|Any CPU.Build.0 = Release|Any CPU
		{6746820D-DA76-494D-A582-D3FA9F0175B6}.Release|x64.ActiveCfg = Release|Any CPU
		{6746820D-DA76-494D-A582-D3FA9F0175B6}.Release|x64.Build.0 = Release|Any CPU
		{6746820D-DA76-494D-A582-D3FA9F0175B6}.Test|Any CPU.ActiveCfg = Release|Any CPU
		{6746820D-DA76-494D-A582-D3FA9F0175B6}.Test|Any CPU.Build.0 = Release|Any CPU
		{6746820D-DA76-494D-A582-D3FA9F0175B6}.Test|x64.ActiveCfg = Release|Any CPU
		{6746820D-DA76-494D-A582-D3FA9F0175B6}.Test|x64.Build.0 = Release|Any CPU
		{787994C7-4CB4-4958-95B0-2CE0742A465A}.Debug|Any CPU.ActiveCfg = Debug|Any CPU
		{787994C7-4CB4-4958-95B0-2CE0742A465A}.Debug|Any CPU.Build.0 = Debug|Any CPU
		{787994C7-4CB4-4958-95B0-2CE0742A465A}.Debug|x64.ActiveCfg = Debug|Any CPU
		{787994C7-4CB4-4958-95B0-2CE0742A465A}.Debug|x64.Build.0 = Debug|Any CPU
		{787994C7-4CB4-4958-95B0-2CE0742A465A}.Release|Any CPU.ActiveCfg = Release|Any CPU
		{787994C7-4CB4-4958-95B0-2CE0742A465A}.Release|Any CPU.Build.0 = Release|Any CPU
		{787994C7-4CB4-4958-95B0-2CE0742A465A}.Release|x64.ActiveCfg = Release|Any CPU
		{787994C7-4CB4-4958-95B0-2CE0742A465A}.Release|x64.Build.0 = Release|Any CPU
		{787994C7-4CB4-4958-95B0-2CE0742A465A}.Test|Any CPU.ActiveCfg = Release|Any CPU
		{787994C7-4CB4-4958-95B0-2CE0742A465A}.Test|Any CPU.Build.0 = Release|Any CPU
		{787994C7-4CB4-4958-95B0-2CE0742A465A}.Test|x64.ActiveCfg = Release|Any CPU
		{787994C7-4CB4-4958-95B0-2CE0742A465A}.Test|x64.Build.0 = Release|Any CPU
		{FBDA3B8A-A6DC-41AB-984D-79F4DFFAF355}.Debug|Any CPU.ActiveCfg = Debug|Any CPU
		{FBDA3B8A-A6DC-41AB-984D-79F4DFFAF355}.Debug|Any CPU.Build.0 = Debug|Any CPU
		{FBDA3B8A-A6DC-41AB-984D-79F4DFFAF355}.Debug|x64.ActiveCfg = Debug|Any CPU
		{FBDA3B8A-A6DC-41AB-984D-79F4DFFAF355}.Debug|x64.Build.0 = Debug|Any CPU
		{FBDA3B8A-A6DC-41AB-984D-79F4DFFAF355}.Release|Any CPU.ActiveCfg = Release|Any CPU
		{FBDA3B8A-A6DC-41AB-984D-79F4DFFAF355}.Release|Any CPU.Build.0 = Release|Any CPU
		{FBDA3B8A-A6DC-41AB-984D-79F4DFFAF355}.Release|x64.ActiveCfg = Release|Any CPU
		{FBDA3B8A-A6DC-41AB-984D-79F4DFFAF355}.Release|x64.Build.0 = Release|Any CPU
		{FBDA3B8A-A6DC-41AB-984D-79F4DFFAF355}.Test|Any CPU.ActiveCfg = Release|Any CPU
		{FBDA3B8A-A6DC-41AB-984D-79F4DFFAF355}.Test|Any CPU.Build.0 = Release|Any CPU
		{FBDA3B8A-A6DC-41AB-984D-79F4DFFAF355}.Test|x64.ActiveCfg = Release|Any CPU
		{FBDA3B8A-A6DC-41AB-984D-79F4DFFAF355}.Test|x64.Build.0 = Release|Any CPU
		{B5AE821B-7728-49B3-9119-3BBC4C8E58E9}.Debug|Any CPU.ActiveCfg = Debug|Any CPU
		{B5AE821B-7728-49B3-9119-3BBC4C8E58E9}.Debug|Any CPU.Build.0 = Debug|Any CPU
		{B5AE821B-7728-49B3-9119-3BBC4C8E58E9}.Debug|x64.ActiveCfg = Debug|x64
		{B5AE821B-7728-49B3-9119-3BBC4C8E58E9}.Debug|x64.Build.0 = Debug|x64
		{B5AE821B-7728-49B3-9119-3BBC4C8E58E9}.Release|Any CPU.ActiveCfg = Release|Any CPU
		{B5AE821B-7728-49B3-9119-3BBC4C8E58E9}.Release|Any CPU.Build.0 = Release|Any CPU
		{B5AE821B-7728-49B3-9119-3BBC4C8E58E9}.Release|x64.ActiveCfg = Release|x64
		{B5AE821B-7728-49B3-9119-3BBC4C8E58E9}.Release|x64.Build.0 = Release|x64
		{B5AE821B-7728-49B3-9119-3BBC4C8E58E9}.Test|Any CPU.ActiveCfg = Test|Any CPU
		{B5AE821B-7728-49B3-9119-3BBC4C8E58E9}.Test|Any CPU.Build.0 = Test|Any CPU
		{B5AE821B-7728-49B3-9119-3BBC4C8E58E9}.Test|x64.ActiveCfg = Test|x64
		{B5AE821B-7728-49B3-9119-3BBC4C8E58E9}.Test|x64.Build.0 = Test|x64
		{4DD4AC57-FBC1-4625-9F9A-5B212612CCBB}.Debug|Any CPU.ActiveCfg = Debug|Any CPU
		{4DD4AC57-FBC1-4625-9F9A-5B212612CCBB}.Debug|Any CPU.Build.0 = Debug|Any CPU
		{4DD4AC57-FBC1-4625-9F9A-5B212612CCBB}.Debug|x64.ActiveCfg = Debug|Any CPU
		{4DD4AC57-FBC1-4625-9F9A-5B212612CCBB}.Debug|x64.Build.0 = Debug|Any CPU
		{4DD4AC57-FBC1-4625-9F9A-5B212612CCBB}.Release|Any CPU.ActiveCfg = Release|Any CPU
		{4DD4AC57-FBC1-4625-9F9A-5B212612CCBB}.Release|Any CPU.Build.0 = Release|Any CPU
		{4DD4AC57-FBC1-4625-9F9A-5B212612CCBB}.Release|x64.ActiveCfg = Release|Any CPU
		{4DD4AC57-FBC1-4625-9F9A-5B212612CCBB}.Release|x64.Build.0 = Release|Any CPU
		{4DD4AC57-FBC1-4625-9F9A-5B212612CCBB}.Test|Any CPU.ActiveCfg = Release|Any CPU
		{4DD4AC57-FBC1-4625-9F9A-5B212612CCBB}.Test|Any CPU.Build.0 = Release|Any CPU
		{4DD4AC57-FBC1-4625-9F9A-5B212612CCBB}.Test|x64.ActiveCfg = Release|Any CPU
		{4DD4AC57-FBC1-4625-9F9A-5B212612CCBB}.Test|x64.Build.0 = Release|Any CPU
		{4487665E-151C-490E-ABC3-189A2BFCE21D}.Debug|Any CPU.ActiveCfg = Debug|Any CPU
		{4487665E-151C-490E-ABC3-189A2BFCE21D}.Debug|Any CPU.Build.0 = Debug|Any CPU
		{4487665E-151C-490E-ABC3-189A2BFCE21D}.Debug|x64.ActiveCfg = Debug|Any CPU
		{4487665E-151C-490E-ABC3-189A2BFCE21D}.Debug|x64.Build.0 = Debug|Any CPU
		{4487665E-151C-490E-ABC3-189A2BFCE21D}.Release|Any CPU.ActiveCfg = Release|Any CPU
		{4487665E-151C-490E-ABC3-189A2BFCE21D}.Release|Any CPU.Build.0 = Release|Any CPU
		{4487665E-151C-490E-ABC3-189A2BFCE21D}.Release|x64.ActiveCfg = Release|Any CPU
		{4487665E-151C-490E-ABC3-189A2BFCE21D}.Release|x64.Build.0 = Release|Any CPU
		{4487665E-151C-490E-ABC3-189A2BFCE21D}.Test|Any CPU.ActiveCfg = Release|Any CPU
		{4487665E-151C-490E-ABC3-189A2BFCE21D}.Test|Any CPU.Build.0 = Release|Any CPU
		{4487665E-151C-490E-ABC3-189A2BFCE21D}.Test|x64.ActiveCfg = Release|Any CPU
		{4487665E-151C-490E-ABC3-189A2BFCE21D}.Test|x64.Build.0 = Release|Any CPU
		{89FF48FC-FC2B-4E66-B8BA-5581F2838E88}.Debug|Any CPU.ActiveCfg = Debug|Any CPU
		{89FF48FC-FC2B-4E66-B8BA-5581F2838E88}.Debug|Any CPU.Build.0 = Debug|Any CPU
		{89FF48FC-FC2B-4E66-B8BA-5581F2838E88}.Debug|x64.ActiveCfg = Debug|Any CPU
		{89FF48FC-FC2B-4E66-B8BA-5581F2838E88}.Debug|x64.Build.0 = Debug|Any CPU
		{89FF48FC-FC2B-4E66-B8BA-5581F2838E88}.Release|Any CPU.ActiveCfg = Release|Any CPU
		{89FF48FC-FC2B-4E66-B8BA-5581F2838E88}.Release|Any CPU.Build.0 = Release|Any CPU
		{89FF48FC-FC2B-4E66-B8BA-5581F2838E88}.Release|x64.ActiveCfg = Release|Any CPU
		{89FF48FC-FC2B-4E66-B8BA-5581F2838E88}.Release|x64.Build.0 = Release|Any CPU
		{89FF48FC-FC2B-4E66-B8BA-5581F2838E88}.Test|Any CPU.ActiveCfg = Release|Any CPU
		{89FF48FC-FC2B-4E66-B8BA-5581F2838E88}.Test|Any CPU.Build.0 = Release|Any CPU
		{89FF48FC-FC2B-4E66-B8BA-5581F2838E88}.Test|x64.ActiveCfg = Release|Any CPU
		{89FF48FC-FC2B-4E66-B8BA-5581F2838E88}.Test|x64.Build.0 = Release|Any CPU
		{5C5CE947-792C-4E99-A401-7128F73FB99A}.Debug|Any CPU.ActiveCfg = Debug|Any CPU
		{5C5CE947-792C-4E99-A401-7128F73FB99A}.Debug|Any CPU.Build.0 = Debug|Any CPU
		{5C5CE947-792C-4E99-A401-7128F73FB99A}.Debug|x64.ActiveCfg = Debug|Any CPU
		{5C5CE947-792C-4E99-A401-7128F73FB99A}.Debug|x64.Build.0 = Debug|Any CPU
		{5C5CE947-792C-4E99-A401-7128F73FB99A}.Release|Any CPU.ActiveCfg = Release|Any CPU
		{5C5CE947-792C-4E99-A401-7128F73FB99A}.Release|Any CPU.Build.0 = Release|Any CPU
		{5C5CE947-792C-4E99-A401-7128F73FB99A}.Release|x64.ActiveCfg = Release|Any CPU
		{5C5CE947-792C-4E99-A401-7128F73FB99A}.Release|x64.Build.0 = Release|Any CPU
		{5C5CE947-792C-4E99-A401-7128F73FB99A}.Test|Any CPU.ActiveCfg = Release|Any CPU
		{5C5CE947-792C-4E99-A401-7128F73FB99A}.Test|Any CPU.Build.0 = Release|Any CPU
		{5C5CE947-792C-4E99-A401-7128F73FB99A}.Test|x64.ActiveCfg = Release|Any CPU
		{5C5CE947-792C-4E99-A401-7128F73FB99A}.Test|x64.Build.0 = Release|Any CPU
		{44CDB313-984B-4824-BA2D-18481E39865F}.Debug|Any CPU.ActiveCfg = Debug|Any CPU
		{44CDB313-984B-4824-BA2D-18481E39865F}.Debug|Any CPU.Build.0 = Debug|Any CPU
		{44CDB313-984B-4824-BA2D-18481E39865F}.Debug|x64.ActiveCfg = Debug|Any CPU
		{44CDB313-984B-4824-BA2D-18481E39865F}.Debug|x64.Build.0 = Debug|Any CPU
		{44CDB313-984B-4824-BA2D-18481E39865F}.Release|Any CPU.ActiveCfg = Release|Any CPU
		{44CDB313-984B-4824-BA2D-18481E39865F}.Release|Any CPU.Build.0 = Release|Any CPU
		{44CDB313-984B-4824-BA2D-18481E39865F}.Release|x64.ActiveCfg = Release|Any CPU
		{44CDB313-984B-4824-BA2D-18481E39865F}.Release|x64.Build.0 = Release|Any CPU
		{44CDB313-984B-4824-BA2D-18481E39865F}.Test|Any CPU.ActiveCfg = Release|Any CPU
		{44CDB313-984B-4824-BA2D-18481E39865F}.Test|Any CPU.Build.0 = Release|Any CPU
		{44CDB313-984B-4824-BA2D-18481E39865F}.Test|x64.ActiveCfg = Release|Any CPU
		{44CDB313-984B-4824-BA2D-18481E39865F}.Test|x64.Build.0 = Release|Any CPU
		{17481044-4D06-48AA-997F-FB0CCCB8786A}.Debug|Any CPU.ActiveCfg = Debug|Any CPU
		{17481044-4D06-48AA-997F-FB0CCCB8786A}.Debug|Any CPU.Build.0 = Debug|Any CPU
		{17481044-4D06-48AA-997F-FB0CCCB8786A}.Debug|x64.ActiveCfg = Debug|Any CPU
		{17481044-4D06-48AA-997F-FB0CCCB8786A}.Debug|x64.Build.0 = Debug|Any CPU
		{17481044-4D06-48AA-997F-FB0CCCB8786A}.Release|Any CPU.ActiveCfg = Release|Any CPU
		{17481044-4D06-48AA-997F-FB0CCCB8786A}.Release|Any CPU.Build.0 = Release|Any CPU
		{17481044-4D06-48AA-997F-FB0CCCB8786A}.Release|x64.ActiveCfg = Release|Any CPU
		{17481044-4D06-48AA-997F-FB0CCCB8786A}.Release|x64.Build.0 = Release|Any CPU
		{17481044-4D06-48AA-997F-FB0CCCB8786A}.Test|Any CPU.ActiveCfg = Release|Any CPU
		{17481044-4D06-48AA-997F-FB0CCCB8786A}.Test|Any CPU.Build.0 = Release|Any CPU
		{17481044-4D06-48AA-997F-FB0CCCB8786A}.Test|x64.ActiveCfg = Release|Any CPU
		{17481044-4D06-48AA-997F-FB0CCCB8786A}.Test|x64.Build.0 = Release|Any CPU
		{177E3124-BA6D-427B-BA76-B1D05EF2D295}.Debug|Any CPU.ActiveCfg = Debug|Any CPU
		{177E3124-BA6D-427B-BA76-B1D05EF2D295}.Debug|Any CPU.Build.0 = Debug|Any CPU
		{177E3124-BA6D-427B-BA76-B1D05EF2D295}.Debug|x64.ActiveCfg = Debug|Any CPU
		{177E3124-BA6D-427B-BA76-B1D05EF2D295}.Debug|x64.Build.0 = Debug|Any CPU
		{177E3124-BA6D-427B-BA76-B1D05EF2D295}.Release|Any CPU.ActiveCfg = Release|Any CPU
		{177E3124-BA6D-427B-BA76-B1D05EF2D295}.Release|Any CPU.Build.0 = Release|Any CPU
		{177E3124-BA6D-427B-BA76-B1D05EF2D295}.Release|x64.ActiveCfg = Release|Any CPU
		{177E3124-BA6D-427B-BA76-B1D05EF2D295}.Release|x64.Build.0 = Release|Any CPU
		{177E3124-BA6D-427B-BA76-B1D05EF2D295}.Test|Any CPU.ActiveCfg = Release|Any CPU
		{177E3124-BA6D-427B-BA76-B1D05EF2D295}.Test|Any CPU.Build.0 = Release|Any CPU
		{177E3124-BA6D-427B-BA76-B1D05EF2D295}.Test|x64.ActiveCfg = Release|Any CPU
		{177E3124-BA6D-427B-BA76-B1D05EF2D295}.Test|x64.Build.0 = Release|Any CPU
	EndGlobalSection
	GlobalSection(SolutionProperties) = preSolution
		HideSolutionNode = FALSE
	EndGlobalSection
	GlobalSection(NestedProjects) = preSolution
		{787994C7-4CB4-4958-95B0-2CE0742A465A} = {A95D272F-E327-4C70-83F9-BBB8B6B989EF}
		{FBDA3B8A-A6DC-41AB-984D-79F4DFFAF355} = {A95D272F-E327-4C70-83F9-BBB8B6B989EF}
		{B5AE821B-7728-49B3-9119-3BBC4C8E58E9} = {A8051F91-E228-4D19-810A-6BAD6984808A}
		{4DD4AC57-FBC1-4625-9F9A-5B212612CCBB} = {A8051F91-E228-4D19-810A-6BAD6984808A}
		{4487665E-151C-490E-ABC3-189A2BFCE21D} = {9B0B1D30-F723-4657-A00B-D23A7FEBDA71}
		{89FF48FC-FC2B-4E66-B8BA-5581F2838E88} = {9B0B1D30-F723-4657-A00B-D23A7FEBDA71}
		{5C5CE947-792C-4E99-A401-7128F73FB99A} = {9B0B1D30-F723-4657-A00B-D23A7FEBDA71}
		{44CDB313-984B-4824-BA2D-18481E39865F} = {9B0B1D30-F723-4657-A00B-D23A7FEBDA71}
		{17481044-4D06-48AA-997F-FB0CCCB8786A} = {9B0B1D30-F723-4657-A00B-D23A7FEBDA71}
		{177E3124-BA6D-427B-BA76-B1D05EF2D295} = {A95D272F-E327-4C70-83F9-BBB8B6B989EF}
	EndGlobalSection
	GlobalSection(ExtensibilityGlobals) = postSolution
		SolutionGuid = {330A16C3-54D4-4DBC-A3F5-442CB128F663}
	EndGlobalSection
EndGlobal
